
Microsoft Visual Studio Solution File, Format Version 12.00
# Visual Studio Version 16
VisualStudioVersion = 16.0.29806.167
MinimumVisualStudioVersion = 10.0.40219.1
Project("{FAE04EC0-301F-11D3-BF4B-00C04F79EFBC}") = "GenerateLabirint", "GenerateLabirint\GenerateLabirint.csproj", "{567ED616-8F8D-4231-BF22-A1EA57C4F6AB}"
EndProject
Global
	GlobalSection(SolutionConfigurationPlatforms) = preSolution
		Debug|Any CPU = Debug|Any CPU
		Release|Any CPU = Release|Any CPU
	EndGlobalSection
	GlobalSection(ProjectConfigurationPlatforms) = postSolution
		{567ED616-8F8D-4231-BF22-A1EA57C4F6AB}.Debug|Any CPU.ActiveCfg = Debug|Any CPU
		{567ED616-8F8D-4231-BF22-A1EA57C4F6AB}.Debug|Any CPU.Build.0 = Debug|Any CPU
		{567ED616-8F8D-4231-BF22-A1EA57C4F6AB}.Release|Any CPU.ActiveCfg = Release|Any CPU
		{567ED616-8F8D-4231-BF22-A1EA57C4F6AB}.Release|Any CPU.Build.0 = Release|Any CPU
	EndGlobalSection
	GlobalSection(SolutionProperties) = preSolution
		HideSolutionNode = FALSE
	EndGlobalSection
	GlobalSection(ExtensibilityGlobals) = postSolution
		SolutionGuid = {61E18242-C699-47E6-9F00-F98E4AD3F0E9}
	EndGlobalSection
EndGlobal
